{
  "name": "chordify",
  "version": "0.1.0",
  "lockfileVersion": 1,
  "requires": true,
  "dependencies": {
    "chordsheetjs": {
      "version": "1.5.3",
      "resolved": "https://registry.npmjs.org/chordsheetjs/-/chordsheetjs-1.5.3.tgz",
      "integrity": "sha512-ICGw5ZzYjp3dS/i0kpPYufnOIwJMJTTsUIJj+vCyBy0DRX1l1dDbvSAD+Bw0RSyC3lw7EFjjsTKsBjh+ibnPVw=="
    }
  }
}
